
Microsoft Visual Studio Solution File, Format Version 12.00
# Visual Studio 2015
Project("{FAE04EC0-301F-11D3-BF4B-00C04F79EFBC}") = "Arrow.CSharp", "Arrow.CSharp.csproj", "{A2725C4B-68B8-B820-282E-2DC7547B8DDA}"
EndProject
Project("{FAE04EC0-301F-11D3-BF4B-00C04F79EFBC}") = "Arrow.CSharp.Editor", "Arrow.CSharp.Editor.csproj", "{FC6E3911-BBDC-2583-E2DA-D5C9C9C5913B}"
EndProject
Global
	GlobalSection(SolutionConfigurationPlatforms) = preSolution
		Debug|Any CPU = Debug|Any CPU
		Release|Any CPU = Release|Any CPU
	EndGlobalSection
	GlobalSection(ProjectConfigurationPlatforms) = postSolution
		{A2725C4B-68B8-B820-282E-2DC7547B8DDA}.Debug|Any CPU.ActiveCfg = Debug|Any CPU
		{A2725C4B-68B8-B820-282E-2DC7547B8DDA}.Debug|Any CPU.Build.0 = Debug|Any CPU
		{A2725C4B-68B8-B820-282E-2DC7547B8DDA}.Release|Any CPU.ActiveCfg = Release|Any CPU
		{A2725C4B-68B8-B820-282E-2DC7547B8DDA}.Release|Any CPU.Build.0 = Release|Any CPU
		{FC6E3911-BBDC-2583-E2DA-D5C9C9C5913B}.Debug|Any CPU.ActiveCfg = Debug|Any CPU
		{FC6E3911-BBDC-2583-E2DA-D5C9C9C5913B}.Debug|Any CPU.Build.0 = Debug|Any CPU
		{FC6E3911-BBDC-2583-E2DA-D5C9C9C5913B}.Release|Any CPU.ActiveCfg = Release|Any CPU
		{FC6E3911-BBDC-2583-E2DA-D5C9C9C5913B}.Release|Any CPU.Build.0 = Release|Any CPU
	EndGlobalSection
	GlobalSection(SolutionProperties) = preSolution
		HideSolutionNode = FALSE
	EndGlobalSection
EndGlobal
